
Microsoft Visual Studio Solution File, Format Version 12.00
# Visual Studio 15
VisualStudioVersion = 15.0.27130.2010
MinimumVisualStudioVersion = 10.0.40219.1
Project("{FAE04EC0-301F-11D3-BF4B-00C04F79EFBC}") = "QL_ThucThiVBHanhChinh", "QL_ThucThiVBHanhChinh\QL_ThucThiVBHanhChinh.csproj", "{7A7A2C79-C75E-4F73-B475-B88C3C64C756}"
EndProject
Global
	GlobalSection(SolutionConfigurationPlatforms) = preSolution
		Debug|Any CPU = Debug|Any CPU
		Release|Any CPU = Release|Any CPU
	EndGlobalSection
	GlobalSection(ProjectConfigurationPlatforms) = postSolution
		{7A7A2C79-C75E-4F73-B475-B88C3C64C756}.Debug|Any CPU.ActiveCfg = Debug|Any CPU
		{7A7A2C79-C75E-4F73-B475-B88C3C64C756}.Debug|Any CPU.Build.0 = Debug|Any CPU
		{7A7A2C79-C75E-4F73-B475-B88C3C64C756}.Release|Any CPU.ActiveCfg = Release|Any CPU
		{7A7A2C79-C75E-4F73-B475-B88C3C64C756}.Release|Any CPU.Build.0 = Release|Any CPU
	EndGlobalSection
	GlobalSection(SolutionProperties) = preSolution
		HideSolutionNode = FALSE
	EndGlobalSection
	GlobalSection(ExtensibilityGlobals) = postSolution
		SolutionGuid = {3490F6C1-63B6-4166-931C-FDA505054543}
	EndGlobalSection
EndGlobal
